// !$*UTF8*$!
{
	archiveVersion = 1;
	classes = {
	};
	objectVersion = 51;
	objects = {

/* Begin PBXBuildFile section */
		0DB1154DF3059E2E899E7DD3 /* Pods_Parstagram_ParstagramUITests.framework in Frameworks */ = {isa = PBXBuildFile; fileRef = 77BB4BA87844605E614BD03E /* Pods_Parstagram_ParstagramUITests.framework */; };
		78DE1C9B18C654DA82748DBB /* Pods_ParstagramTests.framework in Frameworks */ = {isa = PBXBuildFile; fileRef = E5531C2040CE868A13891147 /* Pods_ParstagramTests.framework */; };
		98FBC483AB69266F2DDFD99F /* Pods_Parstagram.framework in Frameworks */ = {isa = PBXBuildFile; fileRef = AB4531D412AF4F7C165B680C /* Pods_Parstagram.framework */; };
		A2A34BAA2408A89900248844 /* AppDelegate.swift in Sources */ = {isa = PBXBuildFile; fileRef = A2A34BA92408A89900248844 /* AppDelegate.swift */; };
		A2A34BAC2408A89900248844 /* SceneDelegate.swift in Sources */ = {isa = PBXBuildFile; fileRef = A2A34BAB2408A89900248844 /* SceneDelegate.swift */; };
		A2A34BB12408A89900248844 /* Main.storyboard in Resources */ = {isa = PBXBuildFile; fileRef = A2A34BAF2408A89900248844 /* Main.storyboard */; };
		A2A34BB32408A89A00248844 /* Assets.xcassets in Resources */ = {isa = PBXBuildFile; fileRef = A2A34BB22408A89A00248844 /* Assets.xcassets */; };
		A2A34BB62408A89A00248844 /* LaunchScreen.storyboard in Resources */ = {isa = PBXBuildFile; fileRef = A2A34BB42408A89A00248844 /* LaunchScreen.storyboard */; };
		A2A34BC12408A89A00248844 /* ParstagramTests.swift in Sources */ = {isa = PBXBuildFile; fileRef = A2A34BC02408A89A00248844 /* ParstagramTests.swift */; };
		A2A34BCC2408A89A00248844 /* ParstagramUITests.swift in Sources */ = {isa = PBXBuildFile; fileRef = A2A34BCB2408A89A00248844 /* ParstagramUITests.swift */; };
		A2A34BDA2408AD5600248844 /* LoginViewController.swift in Sources */ = {isa = PBXBuildFile; fileRef = A2A34BD92408AD5600248844 /* LoginViewController.swift */; };
		A2A34BDC2408AD6800248844 /* FeedViewController.swift in Sources */ = {isa = PBXBuildFile; fileRef = A2A34BDB2408AD6800248844 /* FeedViewController.swift */; };
		A2A34BDE2408B48200248844 /* CameraViewController.swift in Sources */ = {isa = PBXBuildFile; fileRef = A2A34BDD2408B48200248844 /* CameraViewController.swift */; };
		A2A34BE02408BD6400248844 /* PostCell.swift in Sources */ = {isa = PBXBuildFile; fileRef = A2A34BDF2408BD6400248844 /* PostCell.swift */; };
/* End PBXBuildFile section */

/* Begin PBXContainerItemProxy section */
		A2A34BBD2408A89A00248844 /* PBXContainerItemProxy */ = {
			isa = PBXContainerItemProxy;
			containerPortal = A2A34B9E2408A89900248844 /* Project object */;
			proxyType = 1;
			remoteGlobalIDString = A2A34BA52408A89900248844;
			remoteInfo = Parstagram;
		};
		A2A34BC82408A89A00248844 /* PBXContainerItemProxy */ = {
			isa = PBXContainerItemProxy;
			containerPortal = A2A34B9E2408A89900248844 /* Project object */;
			proxyType = 1;
			remoteGlobalIDString = A2A34BA52408A89900248844;
			remoteInfo = Parstagram;
		};
/* End PBXContainerItemProxy section */

/* Begin PBXFileReference section */
		2CA3D2944E0650CC9956F6A8 /* Pods-ParstagramTests.release.xcconfig */ = {isa = PBXFileReference; includeInIndex = 1; lastKnownFileType = text.xcconfig; name = "Pods-ParstagramTests.release.xcconfig"; path = "Target Support Files/Pods-ParstagramTests/Pods-ParstagramTests.release.xcconfig"; sourceTree = "<group>"; };
		3E2DB84B66DF535596E3A3D2 /* Pods-Parstagram-ParstagramUITests.debug.xcconfig */ = {isa = PBXFileReference; includeInIndex = 1; lastKnownFileType = text.xcconfig; name = "Pods-Parstagram-ParstagramUITests.debug.xcconfig"; path = "Target Support Files/Pods-Parstagram-ParstagramUITests/Pods-Parstagram-ParstagramUITests.debug.xcconfig"; sourceTree = "<group>"; };
		632D90A6B0139CC78FD80DFA /* Pods-Parstagram.debug.xcconfig */ = {isa = PBXFileReference; includeInIndex = 1; lastKnownFileType = text.xcconfig; name = "Pods-Parstagram.debug.xcconfig"; path = "Target Support Files/Pods-Parstagram/Pods-Parstagram.debug.xcconfig"; sourceTree = "<group>"; };
		77BB4BA87844605E614BD03E /* Pods_Parstagram_ParstagramUITests.framework */ = {isa = PBXFileReference; explicitFileType = wrapper.framework; includeInIndex = 0; path = Pods_Parstagram_ParstagramUITests.framework; sourceTree = BUILT_PRODUCTS_DIR; };
		90AB097BDCC33D1BD48D34EC /* Pods-Parstagram-ParstagramUITests.release.xcconfig */ = {isa = PBXFileReference; includeInIndex = 1; lastKnownFileType = text.xcconfig; name = "Pods-Parstagram-ParstagramUITests.release.xcconfig"; path = "Target Support Files/Pods-Parstagram-ParstagramUITests/Pods-Parstagram-ParstagramUITests.release.xcconfig"; sourceTree = "<group>"; };
		A2A34BA62408A89900248844 /* Parstagram.app */ = {isa = PBXFileReference; explicitFileType = wrapper.application; includeInIndex = 0; path = Parstagram.app; sourceTree = BUILT_PRODUCTS_DIR; };
		A2A34BA92408A89900248844 /* AppDelegate.swift */ = {isa = PBXFileReference; lastKnownFileType = sourcecode.swift; path = AppDelegate.swift; sourceTree = "<group>"; };
		A2A34BAB2408A89900248844 /* SceneDelegate.swift */ = {isa = PBXFileReference; lastKnownFileType = sourcecode.swift; path = SceneDelegate.swift; sourceTree = "<group>"; };
		A2A34BB02408A89900248844 /* Base */ = {isa = PBXFileReference; lastKnownFileType = file.storyboard; name = Base; path = Base.lproj/Main.storyboard; sourceTree = "<group>"; };
		A2A34BB22408A89A00248844 /* Assets.xcassets */ = {isa = PBXFileReference; lastKnownFileType = folder.assetcatalog; path = Assets.xcassets; sourceTree = "<group>"; };
		A2A34BB52408A89A00248844 /* Base */ = {isa = PBXFileReference; lastKnownFileType = file.storyboard; name = Base; path = Base.lproj/LaunchScreen.storyboard; sourceTree = "<group>"; };
		A2A34BB72408A89A00248844 /* Info.plist */ = {isa = PBXFileReference; lastKnownFileType = text.plist.xml; path = Info.plist; sourceTree = "<group>"; };
		A2A34BBC2408A89A00248844 /* ParstagramTests.xctest */ = {isa = PBXFileReference; explicitFileType = wrapper.cfbundle; includeInIndex = 0; path = ParstagramTests.xctest; sourceTree = BUILT_PRODUCTS_DIR; };
		A2A34BC02408A89A00248844 /* ParstagramTests.swift */ = {isa = PBXFileReference; lastKnownFileType = sourcecode.swift; path = ParstagramTests.swift; sourceTree = "<group>"; };
		A2A34BC22408A89A00248844 /* Info.plist */ = {isa = PBXFileReference; lastKnownFileType = text.plist.xml; path = Info.plist; sourceTree = "<group>"; };
		A2A34BC72408A89A00248844 /* ParstagramUITests.xctest */ = {isa = PBXFileReference; explicitFileType = wrapper.cfbundle; includeInIndex = 0; path = ParstagramUITests.xctest; sourceTree = BUILT_PRODUCTS_DIR; };
		A2A34BCB2408A89A00248844 /* ParstagramUITests.swift */ = {isa = PBXFileReference; lastKnownFileType = sourcecode.swift; path = ParstagramUITests.swift; sourceTree = "<group>"; };
		A2A34BCD2408A89A00248844 /* Info.plist */ = {isa = PBXFileReference; lastKnownFileType = text.plist.xml; path = Info.plist; sourceTree = "<group>"; };
		A2A34BD92408AD5600248844 /* LoginViewController.swift */ = {isa = PBXFileReference; lastKnownFileType = sourcecode.swift; path = LoginViewController.swift; sourceTree = "<group>"; };
		A2A34BDB2408AD6800248844 /* FeedViewController.swift */ = {isa = PBXFileReference; lastKnownFileType = sourcecode.swift; path = FeedViewController.swift; sourceTree = "<group>"; };
		A2A34BDD2408B48200248844 /* CameraViewController.swift */ = {isa = PBXFileReference; lastKnownFileType = sourcecode.swift; path = CameraViewController.swift; sourceTree = "<group>"; };
		A2A34BDF2408BD6400248844 /* PostCell.swift */ = {isa = PBXFileReference; lastKnownFileType = sourcecode.swift; path = PostCell.swift; sourceTree = "<group>"; };
		AB4531D412AF4F7C165B680C /* Pods_Parstagram.framework */ = {isa = PBXFileReference; explicitFileType = wrapper.framework; includeInIndex = 0; path = Pods_Parstagram.framework; sourceTree = BUILT_PRODUCTS_DIR; };
		BBF4156D8393B3E027142526 /* Pods-ParstagramTests.debug.xcconfig */ = {isa = PBXFileReference; includeInIndex = 1; lastKnownFileType = text.xcconfig; name = "Pods-ParstagramTests.debug.xcconfig"; path = "Target Support Files/Pods-ParstagramTests/Pods-ParstagramTests.debug.xcconfig"; sourceTree = "<group>"; };
		DA617750BD3AA14A93077C19 /* Pods-Parstagram.release.xcconfig */ = {isa = PBXFileReference; includeInIndex = 1; lastKnownFileType = text.xcconfig; name = "Pods-Parstagram.release.xcconfig"; path = "Target Support Files/Pods-Parstagram/Pods-Parstagram.release.xcconfig"; sourceTree = "<group>"; };
		E5531C2040CE868A13891147 /* Pods_ParstagramTests.framework */ = {isa = PBXFileReference; explicitFileType = wrapper.framework; includeInIndex = 0; path = Pods_ParstagramTests.framework; sourceTree = BUILT_PRODUCTS_DIR; };
/* End PBXFileReference section */

/* Begin PBXFrameworksBuildPhase section */
		A2A34BA32408A89900248844 /* Frameworks */ = {
			isa = PBXFrameworksBuildPhase;
			buildActionMask = 2147483647;
			files = (
				98FBC483AB69266F2DDFD99F /* Pods_Parstagram.framework in Frameworks */,
			);
			runOnlyForDeploymentPostprocessing = 0;
		};
		A2A34BB92408A89A00248844 /* Frameworks */ = {
			isa = PBXFrameworksBuildPhase;
			buildActionMask = 2147483647;
			files = (
				78DE1C9B18C654DA82748DBB /* Pods_ParstagramTests.framework in Frameworks */,
			);
			runOnlyForDeploymentPostprocessing = 0;
		};
		A2A34BC42408A89A00248844 /* Frameworks */ = {
			isa = PBXFrameworksBuildPhase;
			buildActionMask = 2147483647;
			files = (
				0DB1154DF3059E2E899E7DD3 /* Pods_Parstagram_ParstagramUITests.framework in Frameworks */,
			);
			runOnlyForDeploymentPostprocessing = 0;
		};
/* End PBXFrameworksBuildPhase section */

/* Begin PBXGroup section */
		0A36D4B3AE43CEFE31B745D9 /* Frameworks */ = {
			isa = PBXGroup;
			children = (
				AB4531D412AF4F7C165B680C /* Pods_Parstagram.framework */,
				77BB4BA87844605E614BD03E /* Pods_Parstagram_ParstagramUITests.framework */,
				E5531C2040CE868A13891147 /* Pods_ParstagramTests.framework */,
			);
			name = Frameworks;
			sourceTree = "<group>";
		};
		4584505F47139E7E61384973 /* Pods */ = {
			isa = PBXGroup;
			children = (
				632D90A6B0139CC78FD80DFA /* Pods-Parstagram.debug.xcconfig */,
				DA617750BD3AA14A93077C19 /* Pods-Parstagram.release.xcconfig */,
				3E2DB84B66DF535596E3A3D2 /* Pods-Parstagram-ParstagramUITests.debug.xcconfig */,
				90AB097BDCC33D1BD48D34EC /* Pods-Parstagram-ParstagramUITests.release.xcconfig */,
				BBF4156D8393B3E027142526 /* Pods-ParstagramTests.debug.xcconfig */,
				2CA3D2944E0650CC9956F6A8 /* Pods-ParstagramTests.release.xcconfig */,
			);
			path = Pods;
			sourceTree = "<group>";
		};
		A2A34B9D2408A89900248844 = {
			isa = PBXGroup;
			children = (
				A2A34BA82408A89900248844 /* Parstagram */,
				A2A34BBF2408A89A00248844 /* ParstagramTests */,
				A2A34BCA2408A89A00248844 /* ParstagramUITests */,
				A2A34BA72408A89900248844 /* Products */,
				4584505F47139E7E61384973 /* Pods */,
				0A36D4B3AE43CEFE31B745D9 /* Frameworks */,
			);
			sourceTree = "<group>";
		};
		A2A34BA72408A89900248844 /* Products */ = {
			isa = PBXGroup;
			children = (
				A2A34BA62408A89900248844 /* Parstagram.app */,
				A2A34BBC2408A89A00248844 /* ParstagramTests.xctest */,
				A2A34BC72408A89A00248844 /* ParstagramUITests.xctest */,
			);
			name = Products;
			sourceTree = "<group>";
		};
		A2A34BA82408A89900248844 /* Parstagram */ = {
			isa = PBXGroup;
			children = (
				A2A34BA92408A89900248844 /* AppDelegate.swift */,
				A2A34BAB2408A89900248844 /* SceneDelegate.swift */,
				A2A34BAF2408A89900248844 /* Main.storyboard */,
				A2A34BB22408A89A00248844 /* Assets.xcassets */,
				A2A34BB42408A89A00248844 /* LaunchScreen.storyboard */,
				A2A34BB72408A89A00248844 /* Info.plist */,
				A2A34BD92408AD5600248844 /* LoginViewController.swift */,
				A2A34BDB2408AD6800248844 /* FeedViewController.swift */,
				A2A34BDD2408B48200248844 /* CameraViewController.swift */,
				A2A34BDF2408BD6400248844 /* PostCell.swift */,
			);
			path = Parstagram;
			sourceTree = "<group>";
		};
		A2A34BBF2408A89A00248844 /* ParstagramTests */ = {
			isa = PBXGroup;
			children = (
				A2A34BC02408A89A00248844 /* ParstagramTests.swift */,
				A2A34BC22408A89A00248844 /* Info.plist */,
			);
			path = ParstagramTests;
			sourceTree = "<group>";
		};
		A2A34BCA2408A89A00248844 /* ParstagramUITests */ = {
			isa = PBXGroup;
			children = (
				A2A34BCB2408A89A00248844 /* ParstagramUITests.swift */,
				A2A34BCD2408A89A00248844 /* Info.plist */,
			);
			path = ParstagramUITests;
			sourceTree = "<group>";
		};
/* End PBXGroup section */

/* Begin PBXNativeTarget section */
		A2A34BA52408A89900248844 /* Parstagram */ = {
			isa = PBXNativeTarget;
			buildConfigurationList = A2A34BD02408A89A00248844 /* Build configuration list for PBXNativeTarget "Parstagram" */;
			buildPhases = (
				8156744410F7107D1E10C589 /* [CP] Check Pods Manifest.lock */,
				A2A34BA22408A89900248844 /* Sources */,
				A2A34BA32408A89900248844 /* Frameworks */,
				A2A34BA42408A89900248844 /* Resources */,
				321D627DBAC19F9EA71DB50A /* [CP] Embed Pods Frameworks */,
			);
			buildRules = (
			);
			dependencies = (
			);
			name = Parstagram;
			productName = Parstagram;
			productReference = A2A34BA62408A89900248844 /* Parstagram.app */;
			productType = "com.apple.product-type.application";
		};
		A2A34BBB2408A89A00248844 /* ParstagramTests */ = {
			isa = PBXNativeTarget;
			buildConfigurationList = A2A34BD32408A89A00248844 /* Build configuration list for PBXNativeTarget "ParstagramTests" */;
			buildPhases = (
				B04DF898E6396965348D8295 /* [CP] Check Pods Manifest.lock */,
				A2A34BB82408A89A00248844 /* Sources */,
				A2A34BB92408A89A00248844 /* Frameworks */,
				A2A34BBA2408A89A00248844 /* Resources */,
			);
			buildRules = (
			);
			dependencies = (
				A2A34BBE2408A89A00248844 /* PBXTargetDependency */,
			);
			name = ParstagramTests;
			productName = ParstagramTests;
			productReference = A2A34BBC2408A89A00248844 /* ParstagramTests.xctest */;
			productType = "com.apple.product-type.bundle.unit-test";
		};
		A2A34BC62408A89A00248844 /* ParstagramUITests */ = {
			isa = PBXNativeTarget;
			buildConfigurationList = A2A34BD62408A89A00248844 /* Build configuration list for PBXNativeTarget "ParstagramUITests" */;
			buildPhases = (
				4CDDCF778161BCE64AC322AD /* [CP] Check Pods Manifest.lock */,
				A2A34BC32408A89A00248844 /* Sources */,
				A2A34BC42408A89A00248844 /* Frameworks */,
				A2A34BC52408A89A00248844 /* Resources */,
				A0FC0C7D1655F55AB8F99EB6 /* [CP] Embed Pods Frameworks */,
			);
			buildRules = (
			);
			dependencies = (
				A2A34BC92408A89A00248844 /* PBXTargetDependency */,
			);
			name = ParstagramUITests;
			productName = ParstagramUITests;
			productReference = A2A34BC72408A89A00248844 /* ParstagramUITests.xctest */;
			productType = "com.apple.product-type.bundle.ui-testing";
		};
/* End PBXNativeTarget section */

/* Begin PBXProject section */
		A2A34B9E2408A89900248844 /* Project object */ = {
			isa = PBXProject;
			attributes = {
				LastSwiftUpdateCheck = 1130;
				LastUpgradeCheck = 1130;
				ORGANIZATIONNAME = laith;
				TargetAttributes = {
					A2A34BA52408A89900248844 = {
						CreatedOnToolsVersion = 11.3.1;
					};
					A2A34BBB2408A89A00248844 = {
						CreatedOnToolsVersion = 11.3.1;
						TestTargetID = A2A34BA52408A89900248844;
					};
					A2A34BC62408A89A00248844 = {
						CreatedOnToolsVersion = 11.3.1;
						TestTargetID = A2A34BA52408A89900248844;
					};
				};
			};
			buildConfigurationList = A2A34BA12408A89900248844 /* Build configuration list for PBXProject "Parstagram" */;
			compatibilityVersion = "Xcode 9.3";
			developmentRegion = en;
			hasScannedForEncodings = 0;
			knownRegions = (
				en,
				Base,
			);
			mainGroup = A2A34B9D2408A89900248844;
			productRefGroup = A2A34BA72408A89900248844 /* Products */;
			projectDirPath = "";
			projectRoot = "";
			targets = (
				A2A34BA52408A89900248844 /* Parstagram */,
				A2A34BBB2408A89A00248844 /* ParstagramTests */,
				A2A34BC62408A89A00248844 /* ParstagramUITests */,
			);
		};
/* End PBXProject section */

/* Begin PBXResourcesBuildPhase section */
		A2A34BA42408A89900248844 /* Resources */ = {
			isa = PBXResourcesBuildPhase;
			buildActionMask = 2147483647;
			files = (
				A2A34BB62408A89A00248844 /* LaunchScreen.storyboard in Resources */,
				A2A34BB32408A89A00248844 /* Assets.xcassets in Resources */,
				A2A34BB12408A89900248844 /* Main.storyboard in Resources */,
			);
			runOnlyForDeploymentPostprocessing = 0;
		};
		A2A34BBA2408A89A00248844 /* Resources */ = {
			isa = PBXResourcesBuildPhase;
			buildActionMask = 2147483647;
			files = (
			);
			runOnlyForDeploymentPostprocessing = 0;
		};
		A2A34BC52408A89A00248844 /* Resources */ = {
			isa = PBXResourcesBuildPhase;
			buildActionMask = 2147483647;
			files = (
			);
			runOnlyForDeploymentPostprocessing = 0;
		};
/* End PBXResourcesBuildPhase section */

/* Begin PBXShellScriptBuildPhase section */
		321D627DBAC19F9EA71DB50A /* [CP] Embed Pods Frameworks */ = {
			isa = PBXShellScriptBuildPhase;
			buildActionMask = 2147483647;
			files = (
			);
			inputFileListPaths = (
				"${PODS_ROOT}/Target Support Files/Pods-Parstagram/Pods-Parstagram-frameworks-${CONFIGURATION}-input-files.xcfilelist",
			);
			name = "[CP] Embed Pods Frameworks";
			outputFileListPaths = (
				"${PODS_ROOT}/Target Support Files/Pods-Parstagram/Pods-Parstagram-frameworks-${CONFIGURATION}-output-files.xcfilelist",
			);
			runOnlyForDeploymentPostprocessing = 0;
			shellPath = /bin/sh;
			shellScript = "\"${PODS_ROOT}/Target Support Files/Pods-Parstagram/Pods-Parstagram-frameworks.sh\"\n";
			showEnvVarsInLog = 0;
		};
		4CDDCF778161BCE64AC322AD /* [CP] Check Pods Manifest.lock */ = {
			isa = PBXShellScriptBuildPhase;
			buildActionMask = 2147483647;
			files = (
			);
			inputFileListPaths = (
			);
			inputPaths = (
				"${PODS_PODFILE_DIR_PATH}/Podfile.lock",
				"${PODS_ROOT}/Manifest.lock",
			);
			name = "[CP] Check Pods Manifest.lock";
			outputFileListPaths = (
			);
			outputPaths = (
				"$(DERIVED_FILE_DIR)/Pods-Parstagram-ParstagramUITests-checkManifestLockResult.txt",
			);
			runOnlyForDeploymentPostprocessing = 0;
			shellPath = /bin/sh;
			shellScript = "diff \"${PODS_PODFILE_DIR_PATH}/Podfile.lock\" \"${PODS_ROOT}/Manifest.lock\" > /dev/null\nif [ $? != 0 ] ; then\n    # print error to STDERR\n    echo \"error: The sandbox is not in sync with the Podfile.lock. Run 'pod install' or update your CocoaPods installation.\" >&2\n    exit 1\nfi\n# This output is used by Xcode 'outputs' to avoid re-running this script phase.\necho \"SUCCESS\" > \"${SCRIPT_OUTPUT_FILE_0}\"\n";
			showEnvVarsInLog = 0;
		};
		8156744410F7107D1E10C589 /* [CP] Check Pods Manifest.lock */ = {
			isa = PBXShellScriptBuildPhase;
			buildActionMask = 2147483647;
			files = (
			);
			inputFileListPaths = (
			);
			inputPaths = (
				"${PODS_PODFILE_DIR_PATH}/Podfile.lock",
				"${PODS_ROOT}/Manifest.lock",
			);
			name = "[CP] Check Pods Manifest.lock";
			outputFileListPaths = (
			);
			outputPaths = (
				"$(DERIVED_FILE_DIR)/Pods-Parstagram-checkManifestLockResult.txt",
			);
			runOnlyForDeploymentPostprocessing = 0;
			shellPath = /bin/sh;
			shellScript = "diff \"${PODS_PODFILE_DIR_PATH}/Podfile.lock\" \"${PODS_ROOT}/Manifest.lock\" > /dev/null\nif [ $? != 0 ] ; then\n    # print error to STDERR\n    echo \"error: The sandbox is not in sync with the Podfile.lock. Run 'pod install' or update your CocoaPods installation.\" >&2\n    exit 1\nfi\n# This output is used by Xcode 'outputs' to avoid re-running this script phase.\necho \"SUCCESS\" > \"${SCRIPT_OUTPUT_FILE_0}\"\n";
			showEnvVarsInLog = 0;
		};
		A0FC0C7D1655F55AB8F99EB6 /* [CP] Embed Pods Frameworks */ = {
			isa = PBXShellScriptBuildPhase;
			buildActionMask = 2147483647;
			files = (
			);
			inputFileListPaths = (
				"${PODS_ROOT}/Target Support Files/Pods-Parstagram-ParstagramUITests/Pods-Parstagram-ParstagramUITests-frameworks-${CONFIGURATION}-input-files.xcfilelist",
			);
			name = "[CP] Embed Pods Frameworks";
			outputFileListPaths = (
				"${PODS_ROOT}/Target Support Files/Pods-Parstagram-ParstagramUITests/Pods-Parstagram-ParstagramUITests-frameworks-${CONFIGURATION}-output-files.xcfilelist",
			);
			runOnlyForDeploymentPostprocessing = 0;
			shellPath = /bin/sh;
			shellScript = "\"${PODS_ROOT}/Target Support Files/Pods-Parstagram-ParstagramUITests/Pods-Parstagram-ParstagramUITests-frameworks.sh\"\n";
			showEnvVarsInLog = 0;
		};
		B04DF898E6396965348D8295 /* [CP] Check Pods Manifest.lock */ = {
			isa = PBXShellScriptBuildPhase;
			buildActionMask = 2147483647;
			files = (
			);
			inputFileListPaths = (
			);
			inputPaths = (
				"${PODS_PODFILE_DIR_PATH}/Podfile.lock",
				"${PODS_ROOT}/Manifest.lock",
			);
			name = "[CP] Check Pods Manifest.lock";
			outputFileListPaths = (
			);
			outputPaths = (
				"$(DERIVED_FILE_DIR)/Pods-ParstagramTests-checkManifestLockResult.txt",
			);
			runOnlyForDeploymentPostprocessing = 0;
			shellPath = /bin/sh;
			shellScript = "diff \"${PODS_PODFILE_DIR_PATH}/Podfile.lock\" \"${PODS_ROOT}/Manifest.lock\" > /dev/null\nif [ $? != 0 ] ; then\n    # print error to STDERR\n    echo \"error: The sandbox is not in sync with the Podfile.lock. Run 'pod install' or update your CocoaPods installation.\" >&2\n    exit 1\nfi\n# This output is used by Xcode 'outputs' to avoid re-running this script phase.\necho \"SUCCESS\" > \"${SCRIPT_OUTPUT_FILE_0}\"\n";
			showEnvVarsInLog = 0;
		};
/* End PBXShellScriptBuildPhase section */

/* Begin PBXSourcesBuildPhase section */
		A2A34BA22408A89900248844 /* Sources */ = {
			isa = PBXSourcesBuildPhase;
			buildActionMask = 2147483647;
			files = (
				A2A34BDA2408AD5600248844 /* LoginViewController.swift in Sources */,
				A2A34BDE2408B48200248844 /* CameraViewController.swift in Sources */,
				A2A34BAA2408A89900248844 /* AppDelegate.swift in Sources */,
				A2A34BDC2408AD6800248844 /* FeedViewController.swift in Sources */,
				A2A34BAC2408A89900248844 /* SceneDelegate.swift in Sources */,
				A2A34BE02408BD6400248844 /* PostCell.swift in Sources */,
			);
			runOnlyForDeploymentPostprocessing = 0;
		};
		A2A34BB82408A89A00248844 /* Sources */ = {
			isa = PBXSourcesBuildPhase;
			buildActionMask = 2147483647;
			files = (
				A2A34BC12408A89A00248844 /* ParstagramTests.swift in Sources */,
			);
			runOnlyForDeploymentPostprocessing = 0;
		};
		A2A34BC32408A89A00248844 /* Sources */ = {
			isa = PBXSourcesBuildPhase;
			buildActionMask = 2147483647;
			files = (
				A2A34BCC2408A89A00248844 /* ParstagramUITests.swift in Sources */,
			);
			runOnlyForDeploymentPostprocessing = 0;
		};
/* End PBXSourcesBuildPhase section */

/* Begin PBXTargetDependency section */
		A2A34BBE2408A89A00248844 /* PBXTargetDependency */ = {
			isa = PBXTargetDependency;
			target = A2A34BA52408A89900248844 /* Parstagram */;
			targetProxy = A2A34BBD2408A89A00248844 /* PBXContainerItemProxy */;
		};
		A2A34BC92408A89A00248844 /* PBXTargetDependency */ = {
			isa = PBXTargetDependency;
			target = A2A34BA52408A89900248844 /* Parstagram */;
			targetProxy = A2A34BC82408A89A00248844 /* PBXContainerItemProxy */;
		};
/* End PBXTargetDependency section */

/* Begin PBXVariantGroup section */
		A2A34BAF2408A89900248844 /* Main.storyboard */ = {
			isa = PBXVariantGroup;
			children = (
				A2A34BB02408A89900248844 /* Base */,
			);
			name = Main.storyboard;
			sourceTree = "<group>";
		};
		A2A34BB42408A89A00248844 /* LaunchScreen.storyboard */ = {
			isa = PBXVariantGroup;
			children = (
				A2A34BB52408A89A00248844 /* Base */,
			);
			name = LaunchScreen.storyboard;
			sourceTree = "<group>";
		};
/* End PBXVariantGroup section */

/* Begin XCBuildConfiguration section */
		A2A34BCE2408A89A00248844 /* Debug */ = {
			isa = XCBuildConfiguration;
			buildSettings = {
				ALWAYS_SEARCH_USER_PATHS = NO;
				CLANG_ANALYZER_NONNULL = YES;
				CLANG_ANALYZER_NUMBER_OBJECT_CONVERSION = YES_AGGRESSIVE;
				CLANG_CXX_LANGUAGE_STANDARD = "gnu++14";
				CLANG_CXX_LIBRARY = "libc++";
				CLANG_ENABLE_MODULES = YES;
				CLANG_ENABLE_OBJC_ARC = YES;
				CLANG_ENABLE_OBJC_WEAK = YES;
				CLANG_WARN_BLOCK_CAPTURE_AUTORELEASING = YES;
				CLANG_WARN_BOOL_CONVERSION = YES;
				CLANG_WARN_COMMA = YES;
				CLANG_WARN_CONSTANT_CONVERSION = YES;
				CLANG_WARN_DEPRECATED_OBJC_IMPLEMENTATIONS = YES;
				CLANG_WARN_DIRECT_OBJC_ISA_USAGE = YES_ERROR;
				CLANG_WARN_DOCUMENTATION_COMMENTS = YES;
				CLANG_WARN_EMPTY_BODY = YES;
				CLANG_WARN_ENUM_CONVERSION = YES;
				CLANG_WARN_INFINITE_RECURSION = YES;
				CLANG_WARN_INT_CONVERSION = YES;
				CLANG_WARN_NON_LITERAL_NULL_CONVERSION = YES;
				CLANG_WARN_OBJC_IMPLICIT_RETAIN_SELF = YES;
				CLANG_WARN_OBJC_LITERAL_CONVERSION = YES;
				CLANG_WARN_OBJC_ROOT_CLASS = YES_ERROR;
				CLANG_WARN_RANGE_LOOP_ANALYSIS = YES;
				CLANG_WARN_STRICT_PROTOTYPES = YES;
				CLANG_WARN_SUSPICIOUS_MOVE = YES;
				CLANG_WARN_UNGUARDED_AVAILABILITY = YES_AGGRESSIVE;
				CLANG_WARN_UNREACHABLE_CODE = YES;
				CLANG_WARN__DUPLICATE_METHOD_MATCH = YES;
				COPY_PHASE_STRIP = NO;
				DEBUG_INFORMATION_FORMAT = dwarf;
				ENABLE_STRICT_OBJC_MSGSEND = YES;
				ENABLE_TESTABILITY = YES;
				GCC_C_LANGUAGE_STANDARD = gnu11;
				GCC_DYNAMIC_NO_PIC = NO;
				GCC_NO_COMMON_BLOCKS = YES;
				GCC_OPTIMIZATION_LEVEL = 0;
				GCC_PREPROCESSOR_DEFINITIONS = (
					"DEBUG=1",
					"$(inherited)",
				);
				GCC_WARN_64_TO_32_BIT_CONVERSION = YES;
				GCC_WARN_ABOUT_RETURN_TYPE = YES_ERROR;
				GCC_WARN_UNDECLARED_SELECTOR = YES;
				GCC_WARN_UNINITIALIZED_AUTOS = YES_AGGRESSIVE;
				GCC_WARN_UNUSED_FUNCTION = YES;
				GCC_WARN_UNUSED_VARIABLE = YES;
				IPHONEOS_DEPLOYMENT_TARGET = 13.2;
				MTL_ENABLE_DEBUG_INFO = INCLUDE_SOURCE;
				MTL_FAST_MATH = YES;
				ONLY_ACTIVE_ARCH = YES;
				SDKROOT = iphoneos;
				SWIFT_ACTIVE_COMPILATION_CONDITIONS = DEBUG;
				SWIFT_OPTIMIZATION_LEVEL = "-Onone";
			};
			name = Debug;
		};
		A2A34BCF2408A89A00248844 /* Release */ = {
			isa = XCBuildConfiguration;
			buildSettings = {
				ALWAYS_SEARCH_USER_PATHS = NO;
				CLANG_ANALYZER_NONNULL = YES;
				CLANG_ANALYZER_NUMBER_OBJECT_CONVERSION = YES_AGGRESSIVE;
				CLANG_CXX_LANGUAGE_STANDARD = "gnu++14";
				CLANG_CXX_LIBRARY = "libc++";
				CLANG_ENABLE_MODULES = YES;
				CLANG_ENABLE_OBJC_ARC = YES;
				CLANG_ENABLE_OBJC_WEAK = YES;
				CLANG_WARN_BLOCK_CAPTURE_AUTORELEASING = YES;
				CLANG_WARN_BOOL_CONVERSION = YES;
				CLANG_WARN_COMMA = YES;
				CLANG_WARN_CONSTANT_CONVERSION = YES;
				CLANG_WARN_DEPRECATED_OBJC_IMPLEMENTATIONS = YES;
				CLANG_WARN_DIRECT_OBJC_ISA_USAGE = YES_ERROR;
				CLANG_WARN_DOCUMENTATION_COMMENTS = YES;
				CLANG_WARN_EMPTY_BODY = YES;
				CLANG_WARN_ENUM_CONVERSION = YES;
				CLANG_WARN_INFINITE_RECURSION = YES;
				CLANG_WARN_INT_CONVERSION = YES;
				CLANG_WARN_NON_LITERAL_NULL_CONVERSION = YES;
				CLANG_WARN_OBJC_IMPLICIT_RETAIN_SELF = YES;
				CLANG_WARN_OBJC_LITERAL_CONVERSION = YES;
				CLANG_WARN_OBJC_ROOT_CLASS = YES_ERROR;
				CLANG_WARN_RANGE_LOOP_ANALYSIS = YES;
				CLANG_WARN_STRICT_PROTOTYPES = YES;
				CLANG_WARN_SUSPICIOUS_MOVE = YES;
				CLANG_WARN_UNGUARDED_AVAILABILITY = YES_AGGRESSIVE;
				CLANG_WARN_UNREACHABLE_CODE = YES;
				CLANG_WARN__DUPLICATE_METHOD_MATCH = YES;
				COPY_PHASE_STRIP = NO;
				DEBUG_INFORMATION_FORMAT = "dwarf-with-dsym";
				ENABLE_NS_ASSERTIONS = NO;
				ENABLE_STRICT_OBJC_MSGSEND = YES;
				GCC_C_LANGUAGE_STANDARD = gnu11;
				GCC_NO_COMMON_BLOCKS = YES;
				GCC_WARN_64_TO_32_BIT_CONVERSION = YES;
				GCC_WARN_ABOUT_RETURN_TYPE = YES_ERROR;
				GCC_WARN_UNDECLARED_SELECTOR = YES;
				GCC_WARN_UNINITIALIZED_AUTOS = YES_AGGRESSIVE;
				GCC_WARN_UNUSED_FUNCTION = YES;
				GCC_WARN_UNUSED_VARIABLE = YES;
				IPHONEOS_DEPLOYMENT_TARGET = 13.2;
				MTL_ENABLE_DEBUG_INFO = NO;
				MTL_FAST_MATH = YES;
				SDKROOT = iphoneos;
				SWIFT_COMPILATION_MODE = wholemodule;
				SWIFT_OPTIMIZATION_LEVEL = "-O";
				VALIDATE_PRODUCT = YES;
			};
			name = Release;
		};
		A2A34BD12408A89A00248844 /* Debug */ = {
			isa = XCBuildConfiguration;
			baseConfigurationReference = 632D90A6B0139CC78FD80DFA /* Pods-Parstagram.debug.xcconfig */;
			buildSettings = {
				ASSETCATALOG_COMPILER_APPICON_NAME = AppIcon;
				CODE_SIGN_STYLE = Automatic;
				INFOPLIST_FILE = Parstagram/Info.plist;
				LD_RUNPATH_SEARCH_PATHS = (
					"$(inherited)",
					"@executable_path/Frameworks",
				);
				PRODUCT_BUNDLE_IDENTIFIER = laith.Parstagram;
				PRODUCT_NAME = "$(TARGET_NAME)";
				SWIFT_VERSION = 5.0;
				TARGETED_DEVICE_FAMILY = "1,2";
			};
			name = Debug;
		};
		A2A34BD22408A89A00248844 /* Release */ = {
			isa = XCBuildConfiguration;
			baseConfigurationReference = DA617750BD3AA14A93077C19 /* Pods-Parstagram.release.xcconfig */;
			buildSettings = {
				ASSETCATALOG_COMPILER_APPICON_NAME = AppIcon;
				CODE_SIGN_STYLE = Automatic;
				INFOPLIST_FILE = Parstagram/Info.plist;
				LD_RUNPATH_SEARCH_PATHS = (
					"$(inherited)",
					"@executable_path/Frameworks",
				);
				PRODUCT_BUNDLE_IDENTIFIER = laith.Parstagram;
				PRODUCT_NAME = "$(TARGET_NAME)";
				SWIFT_VERSION = 5.0;
				TARGETED_DEVICE_FAMILY = "1,2";
			};
			name = Release;
		};
		A2A34BD42408A89A00248844 /* Debug */ = {
			isa = XCBuildConfiguration;
			baseConfigurationReference = BBF4156D8393B3E027142526 /* Pods-ParstagramTests.debug.xcconfig */;
			buildSettings = {
				ALWAYS_EMBED_SWIFT_STANDARD_LIBRARIES = YES;
				BUNDLE_LOADER = "$(TEST_HOST)";
				CODE_SIGN_STYLE = Automatic;
				INFOPLIST_FILE = ParstagramTests/Info.plist;
				IPHONEOS_DEPLOYMENT_TARGET = 13.2;
				LD_RUNPATH_SEARCH_PATHS = (
					"$(inherited)",
					"@executable_path/Frameworks",
					"@loader_path/Frameworks",
				);
				PRODUCT_BUNDLE_IDENTIFIER = laith.ParstagramTests;
				PRODUCT_NAME = "$(TARGET_NAME)";
				SWIFT_VERSION = 5.0;
				TARGETED_DEVICE_FAMILY = "1,2";
				TEST_HOST = "$(BUILT_PRODUCTS_DIR)/Parstagram.app/Parstagram";
			};
			name = Debug;
		};
		A2A34BD52408A89A00248844 /* Release */ = {
			isa = XCBuildConfiguration;
			baseConfigurationReference = 2CA3D2944E0650CC9956F6A8 /* Pods-ParstagramTests.release.xcconfig */;
			buildSettings = {
				ALWAYS_EMBED_SWIFT_STANDARD_LIBRARIES = YES;
				BUNDLE_LOADER = "$(TEST_HOST)";
				CODE_SIGN_STYLE = Automatic;
				INFOPLIST_FILE = ParstagramTests/Info.plist;
				IPHONEOS_DEPLOYMENT_TARGET = 13.2;
				LD_RUNPATH_SEARCH_PATHS = (
					"$(inherited)",
					"@executable_path/Frameworks",
					"@loader_path/Frameworks",
				);
				PRODUCT_BUNDLE_IDENTIFIER = laith.ParstagramTests;
				PRODUCT_NAME = "$(TARGET_NAME)";
				SWIFT_VERSION = 5.0;
				TARGETED_DEVICE_FAMILY = "1,2";
				TEST_HOST = "$(BUILT_PRODUCTS_DIR)/Parstagram.app/Parstagram";
			};
			name = Release;
		};
		A2A34BD72408A89A00248844 /* Debug */ = {
			isa = XCBuildConfiguration;
			baseConfigurationReference = 3E2DB84B66DF535596E3A3D2 /* Pods-Parstagram-ParstagramUITests.debug.xcconfig */;
			buildSettings = {
				ALWAYS_EMBED_SWIFT_STANDARD_LIBRARIES = YES;
				CODE_SIGN_STYLE = Automatic;
				INFOPLIST_FILE = ParstagramUITests/Info.plist;
				LD_RUNPATH_SEARCH_PATHS = (
					"$(inherited)",
					"@executable_path/Frameworks",
					"@loader_path/Frameworks",
				);
				PRODUCT_BUNDLE_IDENTIFIER = laith.ParstagramUITests;
				PRODUCT_NAME = "$(TARGET_NAME)";
				SWIFT_VERSION = 5.0;
				TARGETED_DEVICE_FAMILY = "1,2";
				TEST_TARGET_NAME = Parstagram;
			};
			name = Debug;
		};
		A2A34BD82408A89A00248844 /* Release */ = {
			isa = XCBuildConfiguration;
			baseConfigurationReference = 90AB097BDCC33D1BD48D34EC /* Pods-Parstagram-ParstagramUITests.release.xcconfig */;
			buildSettings = {
				ALWAYS_EMBED_SWIFT_STANDARD_LIBRARIES = YES;
				CODE_SIGN_STYLE = Automatic;
				INFOPLIST_FILE = ParstagramUITests/Info.plist;
				LD_RUNPATH_SEARCH_PATHS = (
					"$(inherited)",
					"@executable_path/Frameworks",
					"@loader_path/Frameworks",
				);
				PRODUCT_BUNDLE_IDENTIFIER = laith.ParstagramUITests;
				PRODUCT_NAME = "$(TARGET_NAME)";
				SWIFT_VERSION = 5.0;
				TARGETED_DEVICE_FAMILY = "1,2";
				TEST_TARGET_NAME = Parstagram;
			};
			name = Release;
		};
/* End XCBuildConfiguration section */

/* Begin XCConfigurationList section */
		A2A34BA12408A89900248844 /* Build configuration list for PBXProject "Parstagram" */ = {
			isa = XCConfigurationList;
			buildConfigurations = (
				A2A34BCE2408A89A00248844 /* Debug */,
				A2A34BCF2408A89A00248844 /* Release */,
			);
			defaultConfigurationIsVisible = 0;
			defaultConfigurationName = Release;
		};
		A2A34BD02408A89A00248844 /* Build configuration list for PBXNativeTarget "Parstagram" */ = {
			isa = XCConfigurationList;
			buildConfigurations = (
				A2A34BD12408A89A00248844 /* Debug */,
				A2A34BD22408A89A00248844 /* Release */,
			);
			defaultConfigurationIsVisible = 0;
			defaultConfigurationName = Release;
		};
		A2A34BD32408A89A00248844 /* Build configuration list for PBXNativeTarget "ParstagramTests" */ = {
			isa = XCConfigurationList;
			buildConfigurations = (
				A2A34BD42408A89A00248844 /* Debug */,
				A2A34BD52408A89A00248844 /* Release */,
			);
			defaultConfigurationIsVisible = 0;
			defaultConfigurationName = Release;
		};
		A2A34BD62408A89A00248844 /* Build configuration list for PBXNativeTarget "ParstagramUITests" */ = {
			isa = XCConfigurationList;
			buildConfigurations = (
				A2A34BD72408A89A00248844 /* Debug */,
				A2A34BD82408A89A00248844 /* Release */,
			);
			defaultConfigurationIsVisible = 0;
			defaultConfigurationName = Release;
		};
/* End XCConfigurationList section */
	};
	rootObject = A2A34B9E2408A89900248844 /* Project object */;
}
